
Microsoft Visual Studio Solution File, Format Version 12.00
# Visual Studio 15
Project("{FAE04EC0-301F-11D3-BF4B-00C04F79EFBC}") = "Assembly-CSharp", "Assembly-CSharp.csproj", "{4598C82D-E118-6090-9314-C4111E70F0C3}"
EndProject
Project("{FAE04EC0-301F-11D3-BF4B-00C04F79EFBC}") = "Assembly-CSharp-Editor", "Assembly-CSharp-Editor.csproj", "{CE6E9C64-7C49-DF1D-65D9-A7D626ED6583}"
EndProject
Global
	GlobalSection(SolutionConfigurationPlatforms) = preSolution
		Debug|Any CPU = Debug|Any CPU
		Release|Any CPU = Release|Any CPU
	EndGlobalSection
	GlobalSection(ProjectConfigurationPlatforms) = postSolution
		{4598C82D-E118-6090-9314-C4111E70F0C3}.Debug|Any CPU.ActiveCfg = Debug|Any CPU
		{4598C82D-E118-6090-9314-C4111E70F0C3}.Debug|Any CPU.Build.0 = Debug|Any CPU
		{4598C82D-E118-6090-9314-C4111E70F0C3}.Release|Any CPU.ActiveCfg = Release|Any CPU
		{4598C82D-E118-6090-9314-C4111E70F0C3}.Release|Any CPU.Build.0 = Release|Any CPU
		{CE6E9C64-7C49-DF1D-65D9-A7D626ED6583}.Debug|Any CPU.ActiveCfg = Debug|Any CPU
		{CE6E9C64-7C49-DF1D-65D9-A7D626ED6583}.Debug|Any CPU.Build.0 = Debug|Any CPU
		{CE6E9C64-7C49-DF1D-65D9-A7D626ED6583}.Release|Any CPU.ActiveCfg = Release|Any CPU
		{CE6E9C64-7C49-DF1D-65D9-A7D626ED6583}.Release|Any CPU.Build.0 = Release|Any CPU
	EndGlobalSection
	GlobalSection(SolutionProperties) = preSolution
		HideSolutionNode = FALSE
	EndGlobalSection
EndGlobal
